{
    "_readme": [
        "This file locks the dependencies of your project to a known state",
        "Read more about it at https://getcomposer.org/doc/01-basic-usage.md#installing-dependencies",
        "This file is @generated automatically"
    ],
    "content-hash": "2aea378a8909e9ee698674eaca9207c7",
    "packages": [
        {
            "name": "ergebnis/json-printer",
            "version": "3.3.0",
            "source": {
                "type": "git",
                "url": "https://github.com/ergebnis/json-printer.git",
                "reference": "18920367473b099633f644f0ca6dc8794345148f"
            },
            "dist": {
                "type": "zip",
                "url": "https://api.github.com/repos/ergebnis/json-printer/zipball/18920367473b099633f644f0ca6dc8794345148f",
                "reference": "18920367473b099633f644f0ca6dc8794345148f",
                "shasum": ""
            },
            "require": {
                "ext-json": "*",
                "ext-mbstring": "*",
                "php": "^8.0"
            },
            "require-dev": {
                "ergebnis/license": "^2.0.0",
                "ergebnis/php-cs-fixer-config": "^4.11.0",
                "fakerphp/faker": "^1.20.0",
                "infection/infection": "~0.26.6",
                "phpunit/phpunit": "^9.5.26",
                "psalm/plugin-phpunit": "~0.18.3",
                "vimeo/psalm": "^4.30.0"
            },
            "type": "library",
            "autoload": {
                "psr-4": {
                    "Ergebnis\\Json\\Printer\\": "src/"
                }
            },
            "notification-url": "https://packagist.org/downloads/",
            "license": [
                "MIT"
            ],
            "authors": [
                {
                    "name": "Andreas Möller",
                    "email": "am@localheinz.com"
                }
            ],
            "description": "Provides a JSON printer, allowing for flexible indentation.",
            "homepage": "https://github.com/ergebnis/json-printer",
            "keywords": [
                "formatter",
                "json",
                "printer"
            ],
            "support": {
                "issues": "https://github.com/ergebnis/json-printer/issues",
                "source": "https://github.com/ergebnis/json-printer"
            },
            "time": "2022-11-28T10:27:43+00:00"
        }
    ],
    "packages-dev": [],
    "aliases": [],
    "minimum-stability": "stable",
    "stability-flags": [],
    "prefer-stable": false,
    "prefer-lowest": false,
    "platform": [],
    "platform-dev": [],
    "plugin-api-version": "2.3.0"
}
